
Microsoft Visual Studio Solution File, Format Version 12.00
# Visual Studio Version 17
VisualStudioVersion = 17.14.36414.22 d17.14
MinimumVisualStudioVersion = 10.0.40219.1
Project("{FAE04EC0-301F-11D3-BF4B-00C04F79EFBC}") = "CMCSystem", "CMCSystem.csproj", "{96963A39-C34C-4C26-A0B6-37DF685ADD3B}"
EndProject
Global
	GlobalSection(SolutionConfigurationPlatforms) = preSolution
		Debug|Any CPU = Debug|Any CPU
		Release|Any CPU = Release|Any CPU
	EndGlobalSection
	GlobalSection(ProjectConfigurationPlatforms) = postSolution
		{96963A39-C34C-4C26-A0B6-37DF685ADD3B}.Debug|Any CPU.ActiveCfg = Debug|Any CPU
		{96963A39-C34C-4C26-A0B6-37DF685ADD3B}.Debug|Any CPU.Build.0 = Debug|Any CPU
		{96963A39-C34C-4C26-A0B6-37DF685ADD3B}.Release|Any CPU.ActiveCfg = Release|Any CPU
		{96963A39-C34C-4C26-A0B6-37DF685ADD3B}.Release|Any CPU.Build.0 = Release|Any CPU
	EndGlobalSection
	GlobalSection(SolutionProperties) = preSolution
		HideSolutionNode = FALSE
	EndGlobalSection
	GlobalSection(ExtensibilityGlobals) = postSolution
		SolutionGuid = {24858939-79D8-44CB-8D58-E8A8A0DCADEE}
	EndGlobalSection
EndGlobal
